
Microsoft Visual Studio Solution File, Format Version 12.00
# Visual Studio Version 16
VisualStudioVersion = 16.0.29905.134
MinimumVisualStudioVersion = 10.0.40219.1
Project("{FAE04EC0-301F-11D3-BF4B-00C04F79EFBC}") = "ProjektPazigApteka", "ProjektPazigApteka\ProjektPazigApteka.csproj", "{AF24B259-39A0-414F-804F-71146AA06065}"
EndProject
Project("{2150E333-8FDC-42A3-9474-1A3956D46DE8}") = "Solution Items", "Solution Items", "{A3996E78-C9A1-4D33-999F-20F4D71BF93F}"
	ProjectSection(SolutionItems) = preProject
		.editorconfig = .editorconfig
	EndProjectSection
EndProject
Global
	GlobalSection(SolutionConfigurationPlatforms) = preSolution
		Debug|Any CPU = Debug|Any CPU
		Release|Any CPU = Release|Any CPU
	EndGlobalSection
	GlobalSection(ProjectConfigurationPlatforms) = postSolution
		{AF24B259-39A0-414F-804F-71146AA06065}.Debug|Any CPU.ActiveCfg = Debug|Any CPU
		{AF24B259-39A0-414F-804F-71146AA06065}.Debug|Any CPU.Build.0 = Debug|Any CPU
		{AF24B259-39A0-414F-804F-71146AA06065}.Release|Any CPU.ActiveCfg = Release|Any CPU
		{AF24B259-39A0-414F-804F-71146AA06065}.Release|Any CPU.Build.0 = Release|Any CPU
	EndGlobalSection
	GlobalSection(SolutionProperties) = preSolution
		HideSolutionNode = FALSE
	EndGlobalSection
	GlobalSection(ExtensibilityGlobals) = postSolution
		SolutionGuid = {82B67A5E-78A0-4182-8FBD-EC32DC081F12}
	EndGlobalSection
EndGlobal
